
Microsoft Visual Studio Solution File, Format Version 12.00
# Visual Studio Version 16
VisualStudioVersion = 16.0.31911.196
MinimumVisualStudioVersion = 10.0.40219.1
Project("{FAE04EC0-301F-11D3-BF4B-00C04F79EFBC}") = "W11Database", "W11Database\W11Database.csproj", "{E7F50931-2FC6-4327-83D2-932C7B18748E}"
EndProject
Global
	GlobalSection(SolutionConfigurationPlatforms) = preSolution
		Debug|Any CPU = Debug|Any CPU
		Release|Any CPU = Release|Any CPU
	EndGlobalSection
	GlobalSection(ProjectConfigurationPlatforms) = postSolution
		{E7F50931-2FC6-4327-83D2-932C7B18748E}.Debug|Any CPU.ActiveCfg = Debug|Any CPU
		{E7F50931-2FC6-4327-83D2-932C7B18748E}.Debug|Any CPU.Build.0 = Debug|Any CPU
		{E7F50931-2FC6-4327-83D2-932C7B18748E}.Release|Any CPU.ActiveCfg = Release|Any CPU
		{E7F50931-2FC6-4327-83D2-932C7B18748E}.Release|Any CPU.Build.0 = Release|Any CPU
	EndGlobalSection
	GlobalSection(SolutionProperties) = preSolution
		HideSolutionNode = FALSE
	EndGlobalSection
	GlobalSection(ExtensibilityGlobals) = postSolution
		SolutionGuid = {2287FF2A-492D-4514-94D3-AAEC17DB2025}
	EndGlobalSection
EndGlobal
